
Microsoft Visual Studio Solution File, Format Version 12.00
# Visual Studio 15
VisualStudioVersion = 15.0.26124.0
MinimumVisualStudioVersion = 15.0.26124.0
Project("{FAE04EC0-301F-11D3-BF4B-00C04F79EFBC}") = "Text", "Text\Text.csproj", "{1422ECCE-AFB7-4BC0-837D-E5E4D2FC9FDA}"
EndProject
Project("{FAE04EC0-301F-11D3-BF4B-00C04F79EFBC}") = "Text.Tests", "Text.Tests\Text.Tests.csproj", "{560D4DC3-CA7D-4062-8FDE-06F534BBC47D}"
EndProject
Global
	GlobalSection(SolutionConfigurationPlatforms) = preSolution
		Debug|Any CPU = Debug|Any CPU
		Debug|x64 = Debug|x64
		Debug|x86 = Debug|x86
		Release|Any CPU = Release|Any CPU
		Release|x64 = Release|x64
		Release|x86 = Release|x86
	EndGlobalSection
	GlobalSection(SolutionProperties) = preSolution
		HideSolutionNode = FALSE
	EndGlobalSection
	GlobalSection(ProjectConfigurationPlatforms) = postSolution
		{1422ECCE-AFB7-4BC0-837D-E5E4D2FC9FDA}.Debug|Any CPU.ActiveCfg = Debug|Any CPU
		{1422ECCE-AFB7-4BC0-837D-E5E4D2FC9FDA}.Debug|Any CPU.Build.0 = Debug|Any CPU
		{1422ECCE-AFB7-4BC0-837D-E5E4D2FC9FDA}.Debug|x64.ActiveCfg = Debug|Any CPU
		{1422ECCE-AFB7-4BC0-837D-E5E4D2FC9FDA}.Debug|x64.Build.0 = Debug|Any CPU
		{1422ECCE-AFB7-4BC0-837D-E5E4D2FC9FDA}.Debug|x86.ActiveCfg = Debug|Any CPU
		{1422ECCE-AFB7-4BC0-837D-E5E4D2FC9FDA}.Debug|x86.Build.0 = Debug|Any CPU
		{1422ECCE-AFB7-4BC0-837D-E5E4D2FC9FDA}.Release|Any CPU.ActiveCfg = Release|Any CPU
		{1422ECCE-AFB7-4BC0-837D-E5E4D2FC9FDA}.Release|Any CPU.Build.0 = Release|Any CPU
		{1422ECCE-AFB7-4BC0-837D-E5E4D2FC9FDA}.Release|x64.ActiveCfg = Release|Any CPU
		{1422ECCE-AFB7-4BC0-837D-E5E4D2FC9FDA}.Release|x64.Build.0 = Release|Any CPU
		{1422ECCE-AFB7-4BC0-837D-E5E4D2FC9FDA}.Release|x86.ActiveCfg = Release|Any CPU
		{1422ECCE-AFB7-4BC0-837D-E5E4D2FC9FDA}.Release|x86.Build.0 = Release|Any CPU
		{560D4DC3-CA7D-4062-8FDE-06F534BBC47D}.Debug|Any CPU.ActiveCfg = Debug|Any CPU
		{560D4DC3-CA7D-4062-8FDE-06F534BBC47D}.Debug|Any CPU.Build.0 = Debug|Any CPU
		{560D4DC3-CA7D-4062-8FDE-06F534BBC47D}.Debug|x64.ActiveCfg = Debug|Any CPU
		{560D4DC3-CA7D-4062-8FDE-06F534BBC47D}.Debug|x64.Build.0 = Debug|Any CPU
		{560D4DC3-CA7D-4062-8FDE-06F534BBC47D}.Debug|x86.ActiveCfg = Debug|Any CPU
		{560D4DC3-CA7D-4062-8FDE-06F534BBC47D}.Debug|x86.Build.0 = Debug|Any CPU
		{560D4DC3-CA7D-4062-8FDE-06F534BBC47D}.Release|Any CPU.ActiveCfg = Release|Any CPU
		{560D4DC3-CA7D-4062-8FDE-06F534BBC47D}.Release|Any CPU.Build.0 = Release|Any CPU
		{560D4DC3-CA7D-4062-8FDE-06F534BBC47D}.Release|x64.ActiveCfg = Release|Any CPU
		{560D4DC3-CA7D-4062-8FDE-06F534BBC47D}.Release|x64.Build.0 = Release|Any CPU
		{560D4DC3-CA7D-4062-8FDE-06F534BBC47D}.Release|x86.ActiveCfg = Release|Any CPU
		{560D4DC3-CA7D-4062-8FDE-06F534BBC47D}.Release|x86.Build.0 = Release|Any CPU
	EndGlobalSection
EndGlobal
